// !$*UTF8*$!
{
	archiveVersion = 1;
	classes = {
	};
	objectVersion = 56;
	objects = {

/* Begin PBXBuildFile section */
		61B671A228F4270A00BB7B0E /* GameStatistics.swift in Sources */ = {isa = PBXBuildFile; fileRef = 61B671A128F4270A00BB7B0E /* GameStatistics.swift */; };
		61B671A628F43D8200BB7B0E /* ResultsViewController.swift in Sources */ = {isa = PBXBuildFile; fileRef = 61B671A528F43D8200BB7B0E /* ResultsViewController.swift */; };
		61B671A828F4413100BB7B0E /* QuizResultCell.swift in Sources */ = {isa = PBXBuildFile; fileRef = 61B671A728F4413100BB7B0E /* QuizResultCell.swift */; };
		61B671AC28F4457F00BB7B0E /* Extension Date.swift in Sources */ = {isa = PBXBuildFile; fileRef = 61B671AB28F4457F00BB7B0E /* Extension Date.swift */; };
		61D12C1528EC2DF2004B1C54 /* QuizQuestionsViewController.swift in Sources */ = {isa = PBXBuildFile; fileRef = 61D12C1428EC2DF2004B1C54 /* QuizQuestionsViewController.swift */; };
		61D12C1828EC31FC004B1C54 /* QuestionData.swift in Sources */ = {isa = PBXBuildFile; fileRef = 61D12C1728EC31FC004B1C54 /* QuestionData.swift */; };
		61D12C1A28EC3206004B1C54 /* QuestionManager.swift in Sources */ = {isa = PBXBuildFile; fileRef = 61D12C1928EC3206004B1C54 /* QuestionManager.swift */; };
		61FD52DC28E328E000AC80EC /* AppDelegate.swift in Sources */ = {isa = PBXBuildFile; fileRef = 61FD52DB28E328E000AC80EC /* AppDelegate.swift */; };
		61FD52DE28E328E000AC80EC /* SceneDelegate.swift in Sources */ = {isa = PBXBuildFile; fileRef = 61FD52DD28E328E000AC80EC /* SceneDelegate.swift */; };
		61FD52E028E328E000AC80EC /* MainViewController.swift in Sources */ = {isa = PBXBuildFile; fileRef = 61FD52DF28E328E000AC80EC /* MainViewController.swift */; };
		61FD52E328E328E000AC80EC /* Main.storyboard in Resources */ = {isa = PBXBuildFile; fileRef = 61FD52E128E328E000AC80EC /* Main.storyboard */; };
		61FD52E628E328E000AC80EC /* AnyQuizz.xcdatamodeld in Sources */ = {isa = PBXBuildFile; fileRef = 61FD52E428E328E000AC80EC /* AnyQuizz.xcdatamodeld */; };
		61FD52E828E328E600AC80EC /* Assets.xcassets in Resources */ = {isa = PBXBuildFile; fileRef = 61FD52E728E328E600AC80EC /* Assets.xcassets */; };
		61FD52EB28E328E600AC80EC /* LaunchScreen.storyboard in Resources */ = {isa = PBXBuildFile; fileRef = 61FD52E928E328E600AC80EC /* LaunchScreen.storyboard */; };
		61FD52F728E32D4E00AC80EC /* AppLogic.swift in Sources */ = {isa = PBXBuildFile; fileRef = 61FD52F628E32D4E00AC80EC /* AppLogic.swift */; };
/* End PBXBuildFile section */

/* Begin PBXFileReference section */
		61B671A128F4270A00BB7B0E /* GameStatistics.swift */ = {isa = PBXFileReference; lastKnownFileType = sourcecode.swift; path = GameStatistics.swift; sourceTree = "<group>"; };
		61B671A528F43D8200BB7B0E /* ResultsViewController.swift */ = {isa = PBXFileReference; lastKnownFileType = sourcecode.swift; path = ResultsViewController.swift; sourceTree = "<group>"; };
		61B671A728F4413100BB7B0E /* QuizResultCell.swift */ = {isa = PBXFileReference; lastKnownFileType = sourcecode.swift; path = QuizResultCell.swift; sourceTree = "<group>"; };
		61B671AB28F4457F00BB7B0E /* Extension Date.swift */ = {isa = PBXFileReference; lastKnownFileType = sourcecode.swift; path = "Extension Date.swift"; sourceTree = "<group>"; };
		61D12C1428EC2DF2004B1C54 /* QuizQuestionsViewController.swift */ = {isa = PBXFileReference; lastKnownFileType = sourcecode.swift; path = QuizQuestionsViewController.swift; sourceTree = "<group>"; };
		61D12C1728EC31FC004B1C54 /* QuestionData.swift */ = {isa = PBXFileReference; lastKnownFileType = sourcecode.swift; path = QuestionData.swift; sourceTree = "<group>"; };
		61D12C1928EC3206004B1C54 /* QuestionManager.swift */ = {isa = PBXFileReference; lastKnownFileType = sourcecode.swift; path = QuestionManager.swift; sourceTree = "<group>"; };
		61FD52D828E328E000AC80EC /* AnyQuizz.app */ = {isa = PBXFileReference; explicitFileType = wrapper.application; includeInIndex = 0; path = AnyQuizz.app; sourceTree = BUILT_PRODUCTS_DIR; };
		61FD52DB28E328E000AC80EC /* AppDelegate.swift */ = {isa = PBXFileReference; lastKnownFileType = sourcecode.swift; path = AppDelegate.swift; sourceTree = "<group>"; };
		61FD52DD28E328E000AC80EC /* SceneDelegate.swift */ = {isa = PBXFileReference; lastKnownFileType = sourcecode.swift; path = SceneDelegate.swift; sourceTree = "<group>"; };
		61FD52DF28E328E000AC80EC /* MainViewController.swift */ = {isa = PBXFileReference; lastKnownFileType = sourcecode.swift; path = MainViewController.swift; sourceTree = "<group>"; };
		61FD52E228E328E000AC80EC /* Base */ = {isa = PBXFileReference; lastKnownFileType = file.storyboard; name = Base; path = Base.lproj/Main.storyboard; sourceTree = "<group>"; };
		61FD52E528E328E000AC80EC /* AnyQuizz.xcdatamodel */ = {isa = PBXFileReference; lastKnownFileType = wrapper.xcdatamodel; path = AnyQuizz.xcdatamodel; sourceTree = "<group>"; };
		61FD52E728E328E600AC80EC /* Assets.xcassets */ = {isa = PBXFileReference; lastKnownFileType = folder.assetcatalog; path = Assets.xcassets; sourceTree = "<group>"; };
		61FD52EA28E328E600AC80EC /* Base */ = {isa = PBXFileReference; lastKnownFileType = file.storyboard; name = Base; path = Base.lproj/LaunchScreen.storyboard; sourceTree = "<group>"; };
		61FD52EC28E328E600AC80EC /* Info.plist */ = {isa = PBXFileReference; lastKnownFileType = text.plist.xml; path = Info.plist; sourceTree = "<group>"; };
		61FD52F628E32D4E00AC80EC /* AppLogic.swift */ = {isa = PBXFileReference; lastKnownFileType = sourcecode.swift; path = AppLogic.swift; sourceTree = "<group>"; };
/* End PBXFileReference section */

/* Begin PBXFrameworksBuildPhase section */
		61FD52D528E328E000AC80EC /* Frameworks */ = {
			isa = PBXFrameworksBuildPhase;
			buildActionMask = 2147483647;
			files = (
			);
			runOnlyForDeploymentPostprocessing = 0;
		};
/* End PBXFrameworksBuildPhase section */

/* Begin PBXGroup section */
		61FD52CF28E328E000AC80EC = {
			isa = PBXGroup;
			children = (
				61FD52DA28E328E000AC80EC /* AnyQuizz */,
				61FD52D928E328E000AC80EC /* Products */,
			);
			sourceTree = "<group>";
		};
		61FD52D928E328E000AC80EC /* Products */ = {
			isa = PBXGroup;
			children = (
				61FD52D828E328E000AC80EC /* AnyQuizz.app */,
			);
			name = Products;
			sourceTree = "<group>";
		};
		61FD52DA28E328E000AC80EC /* AnyQuizz */ = {
			isa = PBXGroup;
			children = (
				61FD52F528E3290500AC80EC /* Model */,
				61FD52F428E3290000AC80EC /* View */,
				61FD52F328E328FA00AC80EC /* Controller */,
				61FD52F228E328EE00AC80EC /* Supporting Files */,
			);
			path = AnyQuizz;
			sourceTree = "<group>";
		};
		61FD52F228E328EE00AC80EC /* Supporting Files */ = {
			isa = PBXGroup;
			children = (
				61FD52E728E328E600AC80EC /* Assets.xcassets */,
				61FD52EC28E328E600AC80EC /* Info.plist */,
				61FD52DB28E328E000AC80EC /* AppDelegate.swift */,
				61FD52DD28E328E000AC80EC /* SceneDelegate.swift */,
			);
			path = "Supporting Files";
			sourceTree = "<group>";
		};
		61FD52F328E328FA00AC80EC /* Controller */ = {
			isa = PBXGroup;
			children = (
				61FD52DF28E328E000AC80EC /* MainViewController.swift */,
				61D12C1428EC2DF2004B1C54 /* QuizQuestionsViewController.swift */,
				61B671A728F4413100BB7B0E /* QuizResultCell.swift */,
				61B671A528F43D8200BB7B0E /* ResultsViewController.swift */,
			);
			path = Controller;
			sourceTree = "<group>";
		};
		61FD52F428E3290000AC80EC /* View */ = {
			isa = PBXGroup;
			children = (
				61FD52E128E328E000AC80EC /* Main.storyboard */,
				61FD52E928E328E600AC80EC /* LaunchScreen.storyboard */,
			);
			path = View;
			sourceTree = "<group>";
		};
		61FD52F528E3290500AC80EC /* Model */ = {
			isa = PBXGroup;
			children = (
				61B671AB28F4457F00BB7B0E /* Extension Date.swift */,
				61FD52E428E328E000AC80EC /* AnyQuizz.xcdatamodeld */,
				61FD52F628E32D4E00AC80EC /* AppLogic.swift */,
				61B671A128F4270A00BB7B0E /* GameStatistics.swift */,
				61D12C1728EC31FC004B1C54 /* QuestionData.swift */,
				61D12C1928EC3206004B1C54 /* QuestionManager.swift */,
			);
			path = Model;
			sourceTree = "<group>";
		};
/* End PBXGroup section */

/* Begin PBXNativeTarget section */
		61FD52D728E328E000AC80EC /* AnyQuizz */ = {
			isa = PBXNativeTarget;
			buildConfigurationList = 61FD52EF28E328E600AC80EC /* Build configuration list for PBXNativeTarget "AnyQuizz" */;
			buildPhases = (
				61FD52D428E328E000AC80EC /* Sources */,
				61FD52D528E328E000AC80EC /* Frameworks */,
				61FD52D628E328E000AC80EC /* Resources */,
			);
			buildRules = (
			);
			dependencies = (
			);
			name = AnyQuizz;
			productName = AnyQuizz;
			productReference = 61FD52D828E328E000AC80EC /* AnyQuizz.app */;
			productType = "com.apple.product-type.application";
		};
/* End PBXNativeTarget section */

/* Begin PBXProject section */
		61FD52D028E328E000AC80EC /* Project object */ = {
			isa = PBXProject;
			attributes = {
				BuildIndependentTargetsInParallel = 1;
				LastSwiftUpdateCheck = 1400;
				LastUpgradeCheck = 1400;
				TargetAttributes = {
					61FD52D728E328E000AC80EC = {
						CreatedOnToolsVersion = 14.0;
					};
				};
			};
			buildConfigurationList = 61FD52D328E328E000AC80EC /* Build configuration list for PBXProject "AnyQuizz" */;
			compatibilityVersion = "Xcode 14.0";
			developmentRegion = en;
			hasScannedForEncodings = 0;
			knownRegions = (
				en,
				Base,
			);
			mainGroup = 61FD52CF28E328E000AC80EC;
			productRefGroup = 61FD52D928E328E000AC80EC /* Products */;
			projectDirPath = "";
			projectRoot = "";
			targets = (
				61FD52D728E328E000AC80EC /* AnyQuizz */,
			);
		};
/* End PBXProject section */

/* Begin PBXResourcesBuildPhase section */
		61FD52D628E328E000AC80EC /* Resources */ = {
			isa = PBXResourcesBuildPhase;
			buildActionMask = 2147483647;
			files = (
				61FD52EB28E328E600AC80EC /* LaunchScreen.storyboard in Resources */,
				61FD52E828E328E600AC80EC /* Assets.xcassets in Resources */,
				61FD52E328E328E000AC80EC /* Main.storyboard in Resources */,
			);
			runOnlyForDeploymentPostprocessing = 0;
		};
/* End PBXResourcesBuildPhase section */

/* Begin PBXSourcesBuildPhase section */
		61FD52D428E328E000AC80EC /* Sources */ = {
			isa = PBXSourcesBuildPhase;
			buildActionMask = 2147483647;
			files = (
				61FD52F728E32D4E00AC80EC /* AppLogic.swift in Sources */,
				61FD52E628E328E000AC80EC /* AnyQuizz.xcdatamodeld in Sources */,
				61FD52E028E328E000AC80EC /* MainViewController.swift in Sources */,
				61B671A628F43D8200BB7B0E /* ResultsViewController.swift in Sources */,
				61D12C1828EC31FC004B1C54 /* QuestionData.swift in Sources */,
				61FD52DC28E328E000AC80EC /* AppDelegate.swift in Sources */,
				61B671AC28F4457F00BB7B0E /* Extension Date.swift in Sources */,
				61FD52DE28E328E000AC80EC /* SceneDelegate.swift in Sources */,
				61D12C1528EC2DF2004B1C54 /* QuizQuestionsViewController.swift in Sources */,
				61D12C1A28EC3206004B1C54 /* QuestionManager.swift in Sources */,
				61B671A828F4413100BB7B0E /* QuizResultCell.swift in Sources */,
				61B671A228F4270A00BB7B0E /* GameStatistics.swift in Sources */,
			);
			runOnlyForDeploymentPostprocessing = 0;
		};
/* End PBXSourcesBuildPhase section */

/* Begin PBXVariantGroup section */
		61FD52E128E328E000AC80EC /* Main.storyboard */ = {
			isa = PBXVariantGroup;
			children = (
				61FD52E228E328E000AC80EC /* Base */,
			);
			name = Main.storyboard;
			sourceTree = "<group>";
		};
		61FD52E928E328E600AC80EC /* LaunchScreen.storyboard */ = {
			isa = PBXVariantGroup;
			children = (
				61FD52EA28E328E600AC80EC /* Base */,
			);
			name = LaunchScreen.storyboard;
			sourceTree = "<group>";
		};
/* End PBXVariantGroup section */

/* Begin XCBuildConfiguration section */
		61FD52ED28E328E600AC80EC /* Debug */ = {
			isa = XCBuildConfiguration;
			buildSettings = {
				ALWAYS_SEARCH_USER_PATHS = NO;
				CLANG_ANALYZER_NONNULL = YES;
				CLANG_ANALYZER_NUMBER_OBJECT_CONVERSION = YES_AGGRESSIVE;
				CLANG_CXX_LANGUAGE_STANDARD = "gnu++20";
				CLANG_ENABLE_MODULES = YES;
				CLANG_ENABLE_OBJC_ARC = YES;
				CLANG_ENABLE_OBJC_WEAK = YES;
				CLANG_WARN_BLOCK_CAPTURE_AUTORELEASING = YES;
				CLANG_WARN_BOOL_CONVERSION = YES;
				CLANG_WARN_COMMA = YES;
				CLANG_WARN_CONSTANT_CONVERSION = YES;
				CLANG_WARN_DEPRECATED_OBJC_IMPLEMENTATIONS = YES;
				CLANG_WARN_DIRECT_OBJC_ISA_USAGE = YES_ERROR;
				CLANG_WARN_DOCUMENTATION_COMMENTS = YES;
				CLANG_WARN_EMPTY_BODY = YES;
				CLANG_WARN_ENUM_CONVERSION = YES;
				CLANG_WARN_INFINITE_RECURSION = YES;
				CLANG_WARN_INT_CONVERSION = YES;
				CLANG_WARN_NON_LITERAL_NULL_CONVERSION = YES;
				CLANG_WARN_OBJC_IMPLICIT_RETAIN_SELF = YES;
				CLANG_WARN_OBJC_LITERAL_CONVERSION = YES;
				CLANG_WARN_OBJC_ROOT_CLASS = YES_ERROR;
				CLANG_WARN_QUOTED_INCLUDE_IN_FRAMEWORK_HEADER = YES;
				CLANG_WARN_RANGE_LOOP_ANALYSIS = YES;
				CLANG_WARN_STRICT_PROTOTYPES = YES;
				CLANG_WARN_SUSPICIOUS_MOVE = YES;
				CLANG_WARN_UNGUARDED_AVAILABILITY = YES_AGGRESSIVE;
				CLANG_WARN_UNREACHABLE_CODE = YES;
				CLANG_WARN__DUPLICATE_METHOD_MATCH = YES;
				COPY_PHASE_STRIP = NO;
				DEBUG_INFORMATION_FORMAT = dwarf;
				ENABLE_STRICT_OBJC_MSGSEND = YES;
				ENABLE_TESTABILITY = YES;
				GCC_C_LANGUAGE_STANDARD = gnu11;
				GCC_DYNAMIC_NO_PIC = NO;
				GCC_NO_COMMON_BLOCKS = YES;
				GCC_OPTIMIZATION_LEVEL = 0;
				GCC_PREPROCESSOR_DEFINITIONS = (
					"DEBUG=1",
					"$(inherited)",
				);
				GCC_WARN_64_TO_32_BIT_CONVERSION = YES;
				GCC_WARN_ABOUT_RETURN_TYPE = YES_ERROR;
				GCC_WARN_UNDECLARED_SELECTOR = YES;
				GCC_WARN_UNINITIALIZED_AUTOS = YES_AGGRESSIVE;
				GCC_WARN_UNUSED_FUNCTION = YES;
				GCC_WARN_UNUSED_VARIABLE = YES;
				IPHONEOS_DEPLOYMENT_TARGET = 16.0;
				MTL_ENABLE_DEBUG_INFO = INCLUDE_SOURCE;
				MTL_FAST_MATH = YES;
				ONLY_ACTIVE_ARCH = YES;
				SDKROOT = iphoneos;
				SWIFT_ACTIVE_COMPILATION_CONDITIONS = DEBUG;
				SWIFT_OPTIMIZATION_LEVEL = "-Onone";
			};
			name = Debug;
		};
		61FD52EE28E328E600AC80EC /* Release */ = {
			isa = XCBuildConfiguration;
			buildSettings = {
				ALWAYS_SEARCH_USER_PATHS = NO;
				CLANG_ANALYZER_NONNULL = YES;
				CLANG_ANALYZER_NUMBER_OBJECT_CONVERSION = YES_AGGRESSIVE;
				CLANG_CXX_LANGUAGE_STANDARD = "gnu++20";
				CLANG_ENABLE_MODULES = YES;
				CLANG_ENABLE_OBJC_ARC = YES;
				CLANG_ENABLE_OBJC_WEAK = YES;
				CLANG_WARN_BLOCK_CAPTURE_AUTORELEASING = YES;
				CLANG_WARN_BOOL_CONVERSION = YES;
				CLANG_WARN_COMMA = YES;
				CLANG_WARN_CONSTANT_CONVERSION = YES;
				CLANG_WARN_DEPRECATED_OBJC_IMPLEMENTATIONS = YES;
				CLANG_WARN_DIRECT_OBJC_ISA_USAGE = YES_ERROR;
				CLANG_WARN_DOCUMENTATION_COMMENTS = YES;
				CLANG_WARN_EMPTY_BODY = YES;
				CLANG_WARN_ENUM_CONVERSION = YES;
				CLANG_WARN_INFINITE_RECURSION = YES;
				CLANG_WARN_INT_CONVERSION = YES;
				CLANG_WARN_NON_LITERAL_NULL_CONVERSION = YES;
				CLANG_WARN_OBJC_IMPLICIT_RETAIN_SELF = YES;
				CLANG_WARN_OBJC_LITERAL_CONVERSION = YES;
				CLANG_WARN_OBJC_ROOT_CLASS = YES_ERROR;
				CLANG_WARN_QUOTED_INCLUDE_IN_FRAMEWORK_HEADER = YES;
				CLANG_WARN_RANGE_LOOP_ANALYSIS = YES;
				CLANG_WARN_STRICT_PROTOTYPES = YES;
				CLANG_WARN_SUSPICIOUS_MOVE = YES;
				CLANG_WARN_UNGUARDED_AVAILABILITY = YES_AGGRESSIVE;
				CLANG_WARN_UNREACHABLE_CODE = YES;
				CLANG_WARN__DUPLICATE_METHOD_MATCH = YES;
				COPY_PHASE_STRIP = NO;
				DEBUG_INFORMATION_FORMAT = "dwarf-with-dsym";
				ENABLE_NS_ASSERTIONS = NO;
				ENABLE_STRICT_OBJC_MSGSEND = YES;
				GCC_C_LANGUAGE_STANDARD = gnu11;
				GCC_NO_COMMON_BLOCKS = YES;
				GCC_WARN_64_TO_32_BIT_CONVERSION = YES;
				GCC_WARN_ABOUT_RETURN_TYPE = YES_ERROR;
				GCC_WARN_UNDECLARED_SELECTOR = YES;
				GCC_WARN_UNINITIALIZED_AUTOS = YES_AGGRESSIVE;
				GCC_WARN_UNUSED_FUNCTION = YES;
				GCC_WARN_UNUSED_VARIABLE = YES;
				IPHONEOS_DEPLOYMENT_TARGET = 16.0;
				MTL_ENABLE_DEBUG_INFO = NO;
				MTL_FAST_MATH = YES;
				SDKROOT = iphoneos;
				SWIFT_COMPILATION_MODE = wholemodule;
				SWIFT_OPTIMIZATION_LEVEL = "-O";
				VALIDATE_PRODUCT = YES;
			};
			name = Release;
		};
		61FD52F028E328E600AC80EC /* Debug */ = {
			isa = XCBuildConfiguration;
			buildSettings = {
				ASSETCATALOG_COMPILER_APPICON_NAME = AppIcon;
				ASSETCATALOG_COMPILER_GLOBAL_ACCENT_COLOR_NAME = AccentColor;
				CODE_SIGN_STYLE = Automatic;
				CURRENT_PROJECT_VERSION = 1;
				DEVELOPMENT_TEAM = 7WTLW784B9;
				GENERATE_INFOPLIST_FILE = YES;
				INFOPLIST_FILE = "AnyQuizz/Supporting Files/Info.plist";
				INFOPLIST_KEY_UIApplicationSupportsIndirectInputEvents = YES;
				INFOPLIST_KEY_UILaunchStoryboardName = LaunchScreen;
				INFOPLIST_KEY_UIMainStoryboardFile = Main;
				INFOPLIST_KEY_UISupportedInterfaceOrientations_iPad = "UIInterfaceOrientationPortrait UIInterfaceOrientationPortraitUpsideDown UIInterfaceOrientationLandscapeLeft UIInterfaceOrientationLandscapeRight";
				INFOPLIST_KEY_UISupportedInterfaceOrientations_iPhone = "UIInterfaceOrientationPortrait UIInterfaceOrientationLandscapeLeft UIInterfaceOrientationLandscapeRight";
				LD_RUNPATH_SEARCH_PATHS = (
					"$(inherited)",
					"@executable_path/Frameworks",
				);
				MARKETING_VERSION = 1.0;
				PRODUCT_BUNDLE_IDENTIFIER = com.Ilya.AnyQuizz;
				PRODUCT_NAME = "$(TARGET_NAME)";
				SWIFT_EMIT_LOC_STRINGS = YES;
				SWIFT_VERSION = 5.0;
				TARGETED_DEVICE_FAMILY = "1,2";
			};
			name = Debug;
		};
		61FD52F128E328E600AC80EC /* Release */ = {
			isa = XCBuildConfiguration;
			buildSettings = {
				ASSETCATALOG_COMPILER_APPICON_NAME = AppIcon;
				ASSETCATALOG_COMPILER_GLOBAL_ACCENT_COLOR_NAME = AccentColor;
				CODE_SIGN_STYLE = Automatic;
				CURRENT_PROJECT_VERSION = 1;
				DEVELOPMENT_TEAM = 7WTLW784B9;
				GENERATE_INFOPLIST_FILE = YES;
				INFOPLIST_FILE = "AnyQuizz/Supporting Files/Info.plist";
				INFOPLIST_KEY_UIApplicationSupportsIndirectInputEvents = YES;
				INFOPLIST_KEY_UILaunchStoryboardName = LaunchScreen;
				INFOPLIST_KEY_UIMainStoryboardFile = Main;
				INFOPLIST_KEY_UISupportedInterfaceOrientations_iPad = "UIInterfaceOrientationPortrait UIInterfaceOrientationPortraitUpsideDown UIInterfaceOrientationLandscapeLeft UIInterfaceOrientationLandscapeRight";
				INFOPLIST_KEY_UISupportedInterfaceOrientations_iPhone = "UIInterfaceOrientationPortrait UIInterfaceOrientationLandscapeLeft UIInterfaceOrientationLandscapeRight";
				LD_RUNPATH_SEARCH_PATHS = (
					"$(inherited)",
					"@executable_path/Frameworks",
				);
				MARKETING_VERSION = 1.0;
				PRODUCT_BUNDLE_IDENTIFIER = com.Ilya.AnyQuizz;
				PRODUCT_NAME = "$(TARGET_NAME)";
				SWIFT_EMIT_LOC_STRINGS = YES;
				SWIFT_VERSION = 5.0;
				TARGETED_DEVICE_FAMILY = "1,2";
			};
			name = Release;
		};
/* End XCBuildConfiguration section */

/* Begin XCConfigurationList section */
		61FD52D328E328E000AC80EC /* Build configuration list for PBXProject "AnyQuizz" */ = {
			isa = XCConfigurationList;
			buildConfigurations = (
				61FD52ED28E328E600AC80EC /* Debug */,
				61FD52EE28E328E600AC80EC /* Release */,
			);
			defaultConfigurationIsVisible = 0;
			defaultConfigurationName = Release;
		};
		61FD52EF28E328E600AC80EC /* Build configuration list for PBXNativeTarget "AnyQuizz" */ = {
			isa = XCConfigurationList;
			buildConfigurations = (
				61FD52F028E328E600AC80EC /* Debug */,
				61FD52F128E328E600AC80EC /* Release */,
			);
			defaultConfigurationIsVisible = 0;
			defaultConfigurationName = Release;
		};
/* End XCConfigurationList section */

/* Begin XCVersionGroup section */
		61FD52E428E328E000AC80EC /* AnyQuizz.xcdatamodeld */ = {
			isa = XCVersionGroup;
			children = (
				61FD52E528E328E000AC80EC /* AnyQuizz.xcdatamodel */,
			);
			currentVersion = 61FD52E528E328E000AC80EC /* AnyQuizz.xcdatamodel */;
			path = AnyQuizz.xcdatamodeld;
			sourceTree = "<group>";
			versionGroupType = wrapper.xcdatamodel;
		};
/* End XCVersionGroup section */
	};
	rootObject = 61FD52D028E328E000AC80EC /* Project object */;
}
